
Microsoft Visual Studio Solution File, Format Version 12.00
# Visual Studio 15
VisualStudioVersion = 15.0.28010.2003
MinimumVisualStudioVersion = 10.0.40219.1
Project("{FAE04EC0-301F-11D3-BF4B-00C04F79EFBC}") = "MiPrimeraBiblioteca", "MiPrimeraBiblioteca\MiPrimeraBiblioteca.csproj", "{8BD0E8F7-5A27-46BD-9C77-3B296748F2A4}"
EndProject
Project("{FAE04EC0-301F-11D3-BF4B-00C04F79EFBC}") = "PruebasPack", "..\PruebasPack\PruebasPack\PruebasPack.csproj", "{9E303667-97CB-4B96-8C78-5724B5D75944}"
EndProject
Global
	GlobalSection(SolutionConfigurationPlatforms) = preSolution
		Debug|Any CPU = Debug|Any CPU
		Release|Any CPU = Release|Any CPU
	EndGlobalSection
	GlobalSection(ProjectConfigurationPlatforms) = postSolution
		{8BD0E8F7-5A27-46BD-9C77-3B296748F2A4}.Debug|Any CPU.ActiveCfg = Debug|Any CPU
		{8BD0E8F7-5A27-46BD-9C77-3B296748F2A4}.Debug|Any CPU.Build.0 = Debug|Any CPU
		{8BD0E8F7-5A27-46BD-9C77-3B296748F2A4}.Release|Any CPU.ActiveCfg = Release|Any CPU
		{8BD0E8F7-5A27-46BD-9C77-3B296748F2A4}.Release|Any CPU.Build.0 = Release|Any CPU
		{9E303667-97CB-4B96-8C78-5724B5D75944}.Debug|Any CPU.ActiveCfg = Debug|Any CPU
		{9E303667-97CB-4B96-8C78-5724B5D75944}.Debug|Any CPU.Build.0 = Debug|Any CPU
		{9E303667-97CB-4B96-8C78-5724B5D75944}.Release|Any CPU.ActiveCfg = Release|Any CPU
		{9E303667-97CB-4B96-8C78-5724B5D75944}.Release|Any CPU.Build.0 = Release|Any CPU
	EndGlobalSection
	GlobalSection(SolutionProperties) = preSolution
		HideSolutionNode = FALSE
	EndGlobalSection
	GlobalSection(ExtensibilityGlobals) = postSolution
		SolutionGuid = {6C87492D-6486-4BB5-BCF4-BA0AF16DBC70}
	EndGlobalSection
EndGlobal
